
Microsoft Visual Studio Solution File, Format Version 12.00
# Visual Studio 15
VisualStudioVersion = 15.0.28307.1022
MinimumVisualStudioVersion = 10.0.40219.1
Project("{FAE04EC0-301F-11D3-BF4B-00C04F79EFBC}") = "Piłkarze", "Piłkarze\Piłkarze.csproj", "{FB9CCA03-C1D2-4980-93B7-A376CBE7E16E}"
EndProject
Global
	GlobalSection(SolutionConfigurationPlatforms) = preSolution
		Debug|Any CPU = Debug|Any CPU
		Release|Any CPU = Release|Any CPU
	EndGlobalSection
	GlobalSection(ProjectConfigurationPlatforms) = postSolution
		{FB9CCA03-C1D2-4980-93B7-A376CBE7E16E}.Debug|Any CPU.ActiveCfg = Debug|Any CPU
		{FB9CCA03-C1D2-4980-93B7-A376CBE7E16E}.Debug|Any CPU.Build.0 = Debug|Any CPU
		{FB9CCA03-C1D2-4980-93B7-A376CBE7E16E}.Release|Any CPU.ActiveCfg = Release|Any CPU
		{FB9CCA03-C1D2-4980-93B7-A376CBE7E16E}.Release|Any CPU.Build.0 = Release|Any CPU
	EndGlobalSection
	GlobalSection(SolutionProperties) = preSolution
		HideSolutionNode = FALSE
	EndGlobalSection
	GlobalSection(ExtensibilityGlobals) = postSolution
		SolutionGuid = {5F7E531B-2040-4539-91A4-F3E650DA94B0}
	EndGlobalSection
EndGlobal
